// !$*UTF8*$!
{
	archiveVersion = 1;
	classes = {
	};
	objectVersion = 51;
	objects = {

/* Begin PBXBuildFile section */
		702D6D1330F5A1AC1AC5AC76 /* Pods_FirstMac.framework in Frameworks */ = {isa = PBXBuildFile; fileRef = 1749C6E1E51B7FF0B714E3DE /* Pods_FirstMac.framework */; };
		7817583E23F3D118006117D4 /* AppDelegate.m in Sources */ = {isa = PBXBuildFile; fileRef = 7817583D23F3D118006117D4 /* AppDelegate.m */; };
		7817584123F3D118006117D4 /* ViewController.m in Sources */ = {isa = PBXBuildFile; fileRef = 7817584023F3D118006117D4 /* ViewController.m */; };
		7817584323F3D11D006117D4 /* Assets.xcassets in Resources */ = {isa = PBXBuildFile; fileRef = 7817584223F3D11D006117D4 /* Assets.xcassets */; };
		7817584623F3D11D006117D4 /* Main.storyboard in Resources */ = {isa = PBXBuildFile; fileRef = 7817584423F3D11D006117D4 /* Main.storyboard */; };
		7817584923F3D11D006117D4 /* main.m in Sources */ = {isa = PBXBuildFile; fileRef = 7817584823F3D11D006117D4 /* main.m */; };
		7817585323F42A78006117D4 /* LoginViewController.m in Sources */ = {isa = PBXBuildFile; fileRef = 7817585223F42A78006117D4 /* LoginViewController.m */; };
		7829A4B723FE99E400945F9B /* BaseWindowController.m in Sources */ = {isa = PBXBuildFile; fileRef = 7829A4B623FE99E400945F9B /* BaseWindowController.m */; };
		7829A4BB23FEA18400945F9B /* MainViewController.m in Sources */ = {isa = PBXBuildFile; fileRef = 7829A4BA23FEA18400945F9B /* MainViewController.m */; };
		7829A4BE23FF6BC900945F9B /* BaseTableCellView.m in Sources */ = {isa = PBXBuildFile; fileRef = 7829A4BD23FF6BC900945F9B /* BaseTableCellView.m */; };
		7829A4C223FFB21700945F9B /* WindowViewController.m in Sources */ = {isa = PBXBuildFile; fileRef = 7829A4C123FFB21600945F9B /* WindowViewController.m */; };
		7833B12F2403F19200943396 /* BaseViewController.m in Sources */ = {isa = PBXBuildFile; fileRef = 7833B12E2403F19200943396 /* BaseViewController.m */; };
		7833B1392405314F00943396 /* ButtonViewController.m in Sources */ = {isa = PBXBuildFile; fileRef = 7833B1372405314F00943396 /* ButtonViewController.m */; };
		7833B13A2405314F00943396 /* ButtonViewController.xib in Resources */ = {isa = PBXBuildFile; fileRef = 7833B1382405314F00943396 /* ButtonViewController.xib */; };
		7833B13F2406101E00943396 /* CommonBrowserViewController.m in Sources */ = {isa = PBXBuildFile; fileRef = 7833B13D2406101E00943396 /* CommonBrowserViewController.m */; };
		7833B1402406101E00943396 /* CommonBrowserViewController.xib in Resources */ = {isa = PBXBuildFile; fileRef = 7833B13E2406101E00943396 /* CommonBrowserViewController.xib */; };
		7833B1432406147200943396 /* CommonAlert.m in Sources */ = {isa = PBXBuildFile; fileRef = 7833B1422406147200943396 /* CommonAlert.m */; };
		7833B14724061A0E00943396 /* DDLogManager.m in Sources */ = {isa = PBXBuildFile; fileRef = 7833B14524061A0E00943396 /* DDLogManager.m */; };
/* End PBXBuildFile section */

/* Begin PBXFileReference section */
		1749C6E1E51B7FF0B714E3DE /* Pods_FirstMac.framework */ = {isa = PBXFileReference; explicitFileType = wrapper.framework; includeInIndex = 0; path = Pods_FirstMac.framework; sourceTree = BUILT_PRODUCTS_DIR; };
		7817583923F3D118006117D4 /* FirstMac.app */ = {isa = PBXFileReference; explicitFileType = wrapper.application; includeInIndex = 0; path = FirstMac.app; sourceTree = BUILT_PRODUCTS_DIR; };
		7817583C23F3D118006117D4 /* AppDelegate.h */ = {isa = PBXFileReference; lastKnownFileType = sourcecode.c.h; path = AppDelegate.h; sourceTree = "<group>"; };
		7817583D23F3D118006117D4 /* AppDelegate.m */ = {isa = PBXFileReference; lastKnownFileType = sourcecode.c.objc; path = AppDelegate.m; sourceTree = "<group>"; };
		7817583F23F3D118006117D4 /* ViewController.h */ = {isa = PBXFileReference; lastKnownFileType = sourcecode.c.h; path = ViewController.h; sourceTree = "<group>"; };
		7817584023F3D118006117D4 /* ViewController.m */ = {isa = PBXFileReference; lastKnownFileType = sourcecode.c.objc; path = ViewController.m; sourceTree = "<group>"; };
		7817584223F3D11D006117D4 /* Assets.xcassets */ = {isa = PBXFileReference; lastKnownFileType = folder.assetcatalog; path = Assets.xcassets; sourceTree = "<group>"; };
		7817584523F3D11D006117D4 /* Base */ = {isa = PBXFileReference; lastKnownFileType = file.storyboard; name = Base; path = Base.lproj/Main.storyboard; sourceTree = "<group>"; };
		7817584723F3D11D006117D4 /* Info.plist */ = {isa = PBXFileReference; lastKnownFileType = text.plist.xml; path = Info.plist; sourceTree = "<group>"; };
		7817584823F3D11D006117D4 /* main.m */ = {isa = PBXFileReference; lastKnownFileType = sourcecode.c.objc; path = main.m; sourceTree = "<group>"; };
		7817584A23F3D11D006117D4 /* FirstMac.entitlements */ = {isa = PBXFileReference; lastKnownFileType = text.plist.entitlements; path = FirstMac.entitlements; sourceTree = "<group>"; };
		7817585123F42A77006117D4 /* LoginViewController.h */ = {isa = PBXFileReference; lastKnownFileType = sourcecode.c.h; path = LoginViewController.h; sourceTree = "<group>"; };
		7817585223F42A78006117D4 /* LoginViewController.m */ = {isa = PBXFileReference; lastKnownFileType = sourcecode.c.objc; path = LoginViewController.m; sourceTree = "<group>"; };
		7829A4B523FE99E400945F9B /* BaseWindowController.h */ = {isa = PBXFileReference; lastKnownFileType = sourcecode.c.h; path = BaseWindowController.h; sourceTree = "<group>"; };
		7829A4B623FE99E400945F9B /* BaseWindowController.m */ = {isa = PBXFileReference; lastKnownFileType = sourcecode.c.objc; path = BaseWindowController.m; sourceTree = "<group>"; };
		7829A4B823FE9E3700945F9B /* PrefixHeader.pch */ = {isa = PBXFileReference; lastKnownFileType = sourcecode.c.h; path = PrefixHeader.pch; sourceTree = "<group>"; };
		7829A4B923FEA18400945F9B /* MainViewController.h */ = {isa = PBXFileReference; lastKnownFileType = sourcecode.c.h; path = MainViewController.h; sourceTree = "<group>"; };
		7829A4BA23FEA18400945F9B /* MainViewController.m */ = {isa = PBXFileReference; lastKnownFileType = sourcecode.c.objc; path = MainViewController.m; sourceTree = "<group>"; };
		7829A4BC23FF6BC900945F9B /* BaseTableCellView.h */ = {isa = PBXFileReference; lastKnownFileType = sourcecode.c.h; path = BaseTableCellView.h; sourceTree = "<group>"; };
		7829A4BD23FF6BC900945F9B /* BaseTableCellView.m */ = {isa = PBXFileReference; lastKnownFileType = sourcecode.c.objc; path = BaseTableCellView.m; sourceTree = "<group>"; };
		7829A4C023FFB21600945F9B /* WindowViewController.h */ = {isa = PBXFileReference; lastKnownFileType = sourcecode.c.h; path = WindowViewController.h; sourceTree = "<group>"; };
		7829A4C123FFB21600945F9B /* WindowViewController.m */ = {isa = PBXFileReference; lastKnownFileType = sourcecode.c.objc; path = WindowViewController.m; sourceTree = "<group>"; };
		7833B12D2403F19200943396 /* BaseViewController.h */ = {isa = PBXFileReference; fileEncoding = 4; lastKnownFileType = sourcecode.c.h; path = BaseViewController.h; sourceTree = "<group>"; };
		7833B12E2403F19200943396 /* BaseViewController.m */ = {isa = PBXFileReference; fileEncoding = 4; lastKnownFileType = sourcecode.c.objc; path = BaseViewController.m; sourceTree = "<group>"; };
		7833B1362405314F00943396 /* ButtonViewController.h */ = {isa = PBXFileReference; lastKnownFileType = sourcecode.c.h; path = ButtonViewController.h; sourceTree = "<group>"; };
		7833B1372405314F00943396 /* ButtonViewController.m */ = {isa = PBXFileReference; lastKnownFileType = sourcecode.c.objc; path = ButtonViewController.m; sourceTree = "<group>"; };
		7833B1382405314F00943396 /* ButtonViewController.xib */ = {isa = PBXFileReference; lastKnownFileType = file.xib; path = ButtonViewController.xib; sourceTree = "<group>"; };
		7833B13C2406101E00943396 /* CommonBrowserViewController.h */ = {isa = PBXFileReference; lastKnownFileType = sourcecode.c.h; path = CommonBrowserViewController.h; sourceTree = "<group>"; };
		7833B13D2406101E00943396 /* CommonBrowserViewController.m */ = {isa = PBXFileReference; lastKnownFileType = sourcecode.c.objc; path = CommonBrowserViewController.m; sourceTree = "<group>"; };
		7833B13E2406101E00943396 /* CommonBrowserViewController.xib */ = {isa = PBXFileReference; lastKnownFileType = file.xib; path = CommonBrowserViewController.xib; sourceTree = "<group>"; };
		7833B1412406147200943396 /* CommonAlert.h */ = {isa = PBXFileReference; lastKnownFileType = sourcecode.c.h; path = CommonAlert.h; sourceTree = "<group>"; };
		7833B1422406147200943396 /* CommonAlert.m */ = {isa = PBXFileReference; lastKnownFileType = sourcecode.c.objc; path = CommonAlert.m; sourceTree = "<group>"; };
		7833B14524061A0E00943396 /* DDLogManager.m */ = {isa = PBXFileReference; fileEncoding = 4; lastKnownFileType = sourcecode.c.objc; path = DDLogManager.m; sourceTree = "<group>"; };
		7833B14624061A0E00943396 /* DDLogManager.h */ = {isa = PBXFileReference; fileEncoding = 4; lastKnownFileType = sourcecode.c.h; path = DDLogManager.h; sourceTree = "<group>"; };
		90CF2446E2781165DF7B6DDB /* Pods-FirstMac.debug.xcconfig */ = {isa = PBXFileReference; includeInIndex = 1; lastKnownFileType = text.xcconfig; name = "Pods-FirstMac.debug.xcconfig"; path = "Target Support Files/Pods-FirstMac/Pods-FirstMac.debug.xcconfig"; sourceTree = "<group>"; };
		EE7DA647D7D1D83FB035B3A1 /* Pods-FirstMac.release.xcconfig */ = {isa = PBXFileReference; includeInIndex = 1; lastKnownFileType = text.xcconfig; name = "Pods-FirstMac.release.xcconfig"; path = "Target Support Files/Pods-FirstMac/Pods-FirstMac.release.xcconfig"; sourceTree = "<group>"; };
/* End PBXFileReference section */

/* Begin PBXFrameworksBuildPhase section */
		7817583623F3D118006117D4 /* Frameworks */ = {
			isa = PBXFrameworksBuildPhase;
			buildActionMask = 2147483647;
			files = (
				702D6D1330F5A1AC1AC5AC76 /* Pods_FirstMac.framework in Frameworks */,
			);
			runOnlyForDeploymentPostprocessing = 0;
		};
/* End PBXFrameworksBuildPhase section */

/* Begin PBXGroup section */
		0E52C557005F9EB46ED45080 /* Frameworks */ = {
			isa = PBXGroup;
			children = (
				1749C6E1E51B7FF0B714E3DE /* Pods_FirstMac.framework */,
			);
			name = Frameworks;
			sourceTree = "<group>";
		};
		493DA75C5C5AE9999E2BC176 /* Pods */ = {
			isa = PBXGroup;
			children = (
				90CF2446E2781165DF7B6DDB /* Pods-FirstMac.debug.xcconfig */,
				EE7DA647D7D1D83FB035B3A1 /* Pods-FirstMac.release.xcconfig */,
			);
			path = Pods;
			sourceTree = "<group>";
		};
		7817583023F3D118006117D4 = {
			isa = PBXGroup;
			children = (
				7829A4B223FE998B00945F9B /* Common */,
				7829A4B123FE998500945F9B /* Components */,
				7829A4B023FE997F00945F9B /* Functions */,
				7817585023F429CF006117D4 /* Login */,
				7817583B23F3D118006117D4 /* FirstMac */,
				7817583A23F3D118006117D4 /* Products */,
				493DA75C5C5AE9999E2BC176 /* Pods */,
				0E52C557005F9EB46ED45080 /* Frameworks */,
			);
			sourceTree = "<group>";
		};
		7817583A23F3D118006117D4 /* Products */ = {
			isa = PBXGroup;
			children = (
				7817583923F3D118006117D4 /* FirstMac.app */,
			);
			name = Products;
			sourceTree = "<group>";
		};
		7817583B23F3D118006117D4 /* FirstMac */ = {
			isa = PBXGroup;
			children = (
				7817583C23F3D118006117D4 /* AppDelegate.h */,
				7817583D23F3D118006117D4 /* AppDelegate.m */,
				7817583F23F3D118006117D4 /* ViewController.h */,
				7817584023F3D118006117D4 /* ViewController.m */,
				7829A4B823FE9E3700945F9B /* PrefixHeader.pch */,
				7817584223F3D11D006117D4 /* Assets.xcassets */,
				7817584423F3D11D006117D4 /* Main.storyboard */,
				7817584723F3D11D006117D4 /* Info.plist */,
				7817584823F3D11D006117D4 /* main.m */,
				7817584A23F3D11D006117D4 /* FirstMac.entitlements */,
			);
			path = FirstMac;
			sourceTree = "<group>";
		};
		7817585023F429CF006117D4 /* Login */ = {
			isa = PBXGroup;
			children = (
				7817585123F42A77006117D4 /* LoginViewController.h */,
				7817585223F42A78006117D4 /* LoginViewController.m */,
			);
			path = Login;
			sourceTree = "<group>";
		};
		7829A4B023FE997F00945F9B /* Functions */ = {
			isa = PBXGroup;
			children = (
				7833B13B24060FFF00943396 /* Browser */,
				7833B1352405312C00943396 /* UI */,
				7829A4BF23FFB1F800945F9B /* Window */,
				7829A4B323FE999800945F9B /* Main */,
			);
			path = Functions;
			sourceTree = "<group>";
		};
		7829A4B123FE998500945F9B /* Components */ = {
			isa = PBXGroup;
			children = (
			);
			path = Components;
			sourceTree = "<group>";
		};
		7829A4B223FE998B00945F9B /* Common */ = {
			isa = PBXGroup;
			children = (
				7833B14424061A0E00943396 /* DDLog */,
				7829A4B423FE99BA00945F9B /* UI */,
			);
			path = Common;
			sourceTree = "<group>";
		};
		7829A4B323FE999800945F9B /* Main */ = {
			isa = PBXGroup;
			children = (
				7829A4B923FEA18400945F9B /* MainViewController.h */,
				7829A4BA23FEA18400945F9B /* MainViewController.m */,
			);
			path = Main;
			sourceTree = "<group>";
		};
		7829A4B423FE99BA00945F9B /* UI */ = {
			isa = PBXGroup;
			children = (
				7829A4B523FE99E400945F9B /* BaseWindowController.h */,
				7829A4B623FE99E400945F9B /* BaseWindowController.m */,
				7833B12D2403F19200943396 /* BaseViewController.h */,
				7833B12E2403F19200943396 /* BaseViewController.m */,
				7829A4BC23FF6BC900945F9B /* BaseTableCellView.h */,
				7829A4BD23FF6BC900945F9B /* BaseTableCellView.m */,
				7833B1412406147200943396 /* CommonAlert.h */,
				7833B1422406147200943396 /* CommonAlert.m */,
			);
			path = UI;
			sourceTree = "<group>";
		};
		7829A4BF23FFB1F800945F9B /* Window */ = {
			isa = PBXGroup;
			children = (
				7829A4C023FFB21600945F9B /* WindowViewController.h */,
				7829A4C123FFB21600945F9B /* WindowViewController.m */,
			);
			path = Window;
			sourceTree = "<group>";
		};
		7833B1352405312C00943396 /* UI */ = {
			isa = PBXGroup;
			children = (
				7833B1362405314F00943396 /* ButtonViewController.h */,
				7833B1372405314F00943396 /* ButtonViewController.m */,
				7833B1382405314F00943396 /* ButtonViewController.xib */,
			);
			path = UI;
			sourceTree = "<group>";
		};
		7833B13B24060FFF00943396 /* Browser */ = {
			isa = PBXGroup;
			children = (
				7833B13C2406101E00943396 /* CommonBrowserViewController.h */,
				7833B13D2406101E00943396 /* CommonBrowserViewController.m */,
				7833B13E2406101E00943396 /* CommonBrowserViewController.xib */,
			);
			path = Browser;
			sourceTree = "<group>";
		};
		7833B14424061A0E00943396 /* DDLog */ = {
			isa = PBXGroup;
			children = (
				7833B14524061A0E00943396 /* DDLogManager.m */,
				7833B14624061A0E00943396 /* DDLogManager.h */,
			);
			path = DDLog;
			sourceTree = "<group>";
		};
/* End PBXGroup section */

/* Begin PBXNativeTarget section */
		7817583823F3D118006117D4 /* FirstMac */ = {
			isa = PBXNativeTarget;
			buildConfigurationList = 7817584D23F3D11D006117D4 /* Build configuration list for PBXNativeTarget "FirstMac" */;
			buildPhases = (
				86A44C58ACDB02590A346C73 /* [CP] Check Pods Manifest.lock */,
				7817583523F3D118006117D4 /* Sources */,
				7817583623F3D118006117D4 /* Frameworks */,
				7817583723F3D118006117D4 /* Resources */,
				82164BE32287A65372201F5C /* [CP] Embed Pods Frameworks */,
			);
			buildRules = (
			);
			dependencies = (
			);
			name = FirstMac;
			productName = FirstMac;
			productReference = 7817583923F3D118006117D4 /* FirstMac.app */;
			productType = "com.apple.product-type.application";
		};
/* End PBXNativeTarget section */

/* Begin PBXProject section */
		7817583123F3D118006117D4 /* Project object */ = {
			isa = PBXProject;
			attributes = {
				LastUpgradeCheck = 1130;
				ORGANIZATIONNAME = qianzhao;
				TargetAttributes = {
					7817583823F3D118006117D4 = {
						CreatedOnToolsVersion = 11.3.1;
					};
				};
			};
			buildConfigurationList = 7817583423F3D118006117D4 /* Build configuration list for PBXProject "FirstMac" */;
			compatibilityVersion = "Xcode 9.3";
			developmentRegion = en;
			hasScannedForEncodings = 0;
			knownRegions = (
				en,
				Base,
			);
			mainGroup = 7817583023F3D118006117D4;
			productRefGroup = 7817583A23F3D118006117D4 /* Products */;
			projectDirPath = "";
			projectRoot = "";
			targets = (
				7817583823F3D118006117D4 /* FirstMac */,
			);
		};
/* End PBXProject section */

/* Begin PBXResourcesBuildPhase section */
		7817583723F3D118006117D4 /* Resources */ = {
			isa = PBXResourcesBuildPhase;
			buildActionMask = 2147483647;
			files = (
				7833B1402406101E00943396 /* CommonBrowserViewController.xib in Resources */,
				7833B13A2405314F00943396 /* ButtonViewController.xib in Resources */,
				7817584323F3D11D006117D4 /* Assets.xcassets in Resources */,
				7817584623F3D11D006117D4 /* Main.storyboard in Resources */,
			);
			runOnlyForDeploymentPostprocessing = 0;
		};
/* End PBXResourcesBuildPhase section */

/* Begin PBXShellScriptBuildPhase section */
		82164BE32287A65372201F5C /* [CP] Embed Pods Frameworks */ = {
			isa = PBXShellScriptBuildPhase;
			buildActionMask = 2147483647;
			files = (
			);
			inputFileListPaths = (
				"${PODS_ROOT}/Target Support Files/Pods-FirstMac/Pods-FirstMac-frameworks-${CONFIGURATION}-input-files.xcfilelist",
			);
			name = "[CP] Embed Pods Frameworks";
			outputFileListPaths = (
				"${PODS_ROOT}/Target Support Files/Pods-FirstMac/Pods-FirstMac-frameworks-${CONFIGURATION}-output-files.xcfilelist",
			);
			runOnlyForDeploymentPostprocessing = 0;
			shellPath = /bin/sh;
			shellScript = "\"${PODS_ROOT}/Target Support Files/Pods-FirstMac/Pods-FirstMac-frameworks.sh\"\n";
			showEnvVarsInLog = 0;
		};
		86A44C58ACDB02590A346C73 /* [CP] Check Pods Manifest.lock */ = {
			isa = PBXShellScriptBuildPhase;
			buildActionMask = 2147483647;
			files = (
			);
			inputFileListPaths = (
			);
			inputPaths = (
				"${PODS_PODFILE_DIR_PATH}/Podfile.lock",
				"${PODS_ROOT}/Manifest.lock",
			);
			name = "[CP] Check Pods Manifest.lock";
			outputFileListPaths = (
			);
			outputPaths = (
				"$(DERIVED_FILE_DIR)/Pods-FirstMac-checkManifestLockResult.txt",
			);
			runOnlyForDeploymentPostprocessing = 0;
			shellPath = /bin/sh;
			shellScript = "diff \"${PODS_PODFILE_DIR_PATH}/Podfile.lock\" \"${PODS_ROOT}/Manifest.lock\" > /dev/null\nif [ $? != 0 ] ; then\n    # print error to STDERR\n    echo \"error: The sandbox is not in sync with the Podfile.lock. Run 'pod install' or update your CocoaPods installation.\" >&2\n    exit 1\nfi\n# This output is used by Xcode 'outputs' to avoid re-running this script phase.\necho \"SUCCESS\" > \"${SCRIPT_OUTPUT_FILE_0}\"\n";
			showEnvVarsInLog = 0;
		};
/* End PBXShellScriptBuildPhase section */

/* Begin PBXSourcesBuildPhase section */
		7817583523F3D118006117D4 /* Sources */ = {
			isa = PBXSourcesBuildPhase;
			buildActionMask = 2147483647;
			files = (
				7829A4C223FFB21700945F9B /* WindowViewController.m in Sources */,
				7833B1432406147200943396 /* CommonAlert.m in Sources */,
				7833B12F2403F19200943396 /* BaseViewController.m in Sources */,
				7817585323F42A78006117D4 /* LoginViewController.m in Sources */,
				7829A4BB23FEA18400945F9B /* MainViewController.m in Sources */,
				7817584123F3D118006117D4 /* ViewController.m in Sources */,
				7833B14724061A0E00943396 /* DDLogManager.m in Sources */,
				7833B13F2406101E00943396 /* CommonBrowserViewController.m in Sources */,
				7829A4B723FE99E400945F9B /* BaseWindowController.m in Sources */,
				7817584923F3D11D006117D4 /* main.m in Sources */,
				7829A4BE23FF6BC900945F9B /* BaseTableCellView.m in Sources */,
				7833B1392405314F00943396 /* ButtonViewController.m in Sources */,
				7817583E23F3D118006117D4 /* AppDelegate.m in Sources */,
			);
			runOnlyForDeploymentPostprocessing = 0;
		};
/* End PBXSourcesBuildPhase section */

/* Begin PBXVariantGroup section */
		7817584423F3D11D006117D4 /* Main.storyboard */ = {
			isa = PBXVariantGroup;
			children = (
				7817584523F3D11D006117D4 /* Base */,
			);
			name = Main.storyboard;
			sourceTree = "<group>";
		};
/* End PBXVariantGroup section */

/* Begin XCBuildConfiguration section */
		7817584B23F3D11D006117D4 /* Debug */ = {
			isa = XCBuildConfiguration;
			buildSettings = {
				ALWAYS_SEARCH_USER_PATHS = NO;
				CLANG_ANALYZER_NONNULL = YES;
				CLANG_ANALYZER_NUMBER_OBJECT_CONVERSION = YES_AGGRESSIVE;
				CLANG_CXX_LANGUAGE_STANDARD = "gnu++14";
				CLANG_CXX_LIBRARY = "libc++";
				CLANG_ENABLE_MODULES = YES;
				CLANG_ENABLE_OBJC_ARC = YES;
				CLANG_ENABLE_OBJC_WEAK = YES;
				CLANG_WARN_BLOCK_CAPTURE_AUTORELEASING = YES;
				CLANG_WARN_BOOL_CONVERSION = YES;
				CLANG_WARN_COMMA = YES;
				CLANG_WARN_CONSTANT_CONVERSION = YES;
				CLANG_WARN_DEPRECATED_OBJC_IMPLEMENTATIONS = YES;
				CLANG_WARN_DIRECT_OBJC_ISA_USAGE = YES_ERROR;
				CLANG_WARN_DOCUMENTATION_COMMENTS = YES;
				CLANG_WARN_EMPTY_BODY = YES;
				CLANG_WARN_ENUM_CONVERSION = YES;
				CLANG_WARN_INFINITE_RECURSION = YES;
				CLANG_WARN_INT_CONVERSION = YES;
				CLANG_WARN_NON_LITERAL_NULL_CONVERSION = YES;
				CLANG_WARN_OBJC_IMPLICIT_RETAIN_SELF = YES;
				CLANG_WARN_OBJC_LITERAL_CONVERSION = YES;
				CLANG_WARN_OBJC_ROOT_CLASS = YES_ERROR;
				CLANG_WARN_RANGE_LOOP_ANALYSIS = YES;
				CLANG_WARN_STRICT_PROTOTYPES = YES;
				CLANG_WARN_SUSPICIOUS_MOVE = YES;
				CLANG_WARN_UNGUARDED_AVAILABILITY = YES_AGGRESSIVE;
				CLANG_WARN_UNREACHABLE_CODE = YES;
				CLANG_WARN__DUPLICATE_METHOD_MATCH = YES;
				COPY_PHASE_STRIP = NO;
				DEBUG_INFORMATION_FORMAT = dwarf;
				ENABLE_STRICT_OBJC_MSGSEND = YES;
				ENABLE_TESTABILITY = YES;
				GCC_C_LANGUAGE_STANDARD = gnu11;
				GCC_DYNAMIC_NO_PIC = NO;
				GCC_NO_COMMON_BLOCKS = YES;
				GCC_OPTIMIZATION_LEVEL = 0;
				GCC_PREPROCESSOR_DEFINITIONS = (
					"DEBUG=1",
					"$(inherited)",
				);
				GCC_WARN_64_TO_32_BIT_CONVERSION = YES;
				GCC_WARN_ABOUT_RETURN_TYPE = YES_ERROR;
				GCC_WARN_UNDECLARED_SELECTOR = YES;
				GCC_WARN_UNINITIALIZED_AUTOS = YES_AGGRESSIVE;
				GCC_WARN_UNUSED_FUNCTION = YES;
				GCC_WARN_UNUSED_VARIABLE = YES;
				MACOSX_DEPLOYMENT_TARGET = 10.15;
				MTL_ENABLE_DEBUG_INFO = INCLUDE_SOURCE;
				MTL_FAST_MATH = YES;
				ONLY_ACTIVE_ARCH = YES;
				SDKROOT = macosx;
			};
			name = Debug;
		};
		7817584C23F3D11D006117D4 /* Release */ = {
			isa = XCBuildConfiguration;
			buildSettings = {
				ALWAYS_SEARCH_USER_PATHS = NO;
				CLANG_ANALYZER_NONNULL = YES;
				CLANG_ANALYZER_NUMBER_OBJECT_CONVERSION = YES_AGGRESSIVE;
				CLANG_CXX_LANGUAGE_STANDARD = "gnu++14";
				CLANG_CXX_LIBRARY = "libc++";
				CLANG_ENABLE_MODULES = YES;
				CLANG_ENABLE_OBJC_ARC = YES;
				CLANG_ENABLE_OBJC_WEAK = YES;
				CLANG_WARN_BLOCK_CAPTURE_AUTORELEASING = YES;
				CLANG_WARN_BOOL_CONVERSION = YES;
				CLANG_WARN_COMMA = YES;
				CLANG_WARN_CONSTANT_CONVERSION = YES;
				CLANG_WARN_DEPRECATED_OBJC_IMPLEMENTATIONS = YES;
				CLANG_WARN_DIRECT_OBJC_ISA_USAGE = YES_ERROR;
				CLANG_WARN_DOCUMENTATION_COMMENTS = YES;
				CLANG_WARN_EMPTY_BODY = YES;
				CLANG_WARN_ENUM_CONVERSION = YES;
				CLANG_WARN_INFINITE_RECURSION = YES;
				CLANG_WARN_INT_CONVERSION = YES;
				CLANG_WARN_NON_LITERAL_NULL_CONVERSION = YES;
				CLANG_WARN_OBJC_IMPLICIT_RETAIN_SELF = YES;
				CLANG_WARN_OBJC_LITERAL_CONVERSION = YES;
				CLANG_WARN_OBJC_ROOT_CLASS = YES_ERROR;
				CLANG_WARN_RANGE_LOOP_ANALYSIS = YES;
				CLANG_WARN_STRICT_PROTOTYPES = YES;
				CLANG_WARN_SUSPICIOUS_MOVE = YES;
				CLANG_WARN_UNGUARDED_AVAILABILITY = YES_AGGRESSIVE;
				CLANG_WARN_UNREACHABLE_CODE = YES;
				CLANG_WARN__DUPLICATE_METHOD_MATCH = YES;
				COPY_PHASE_STRIP = NO;
				DEBUG_INFORMATION_FORMAT = "dwarf-with-dsym";
				ENABLE_NS_ASSERTIONS = NO;
				ENABLE_STRICT_OBJC_MSGSEND = YES;
				GCC_C_LANGUAGE_STANDARD = gnu11;
				GCC_NO_COMMON_BLOCKS = YES;
				GCC_WARN_64_TO_32_BIT_CONVERSION = YES;
				GCC_WARN_ABOUT_RETURN_TYPE = YES_ERROR;
				GCC_WARN_UNDECLARED_SELECTOR = YES;
				GCC_WARN_UNINITIALIZED_AUTOS = YES_AGGRESSIVE;
				GCC_WARN_UNUSED_FUNCTION = YES;
				GCC_WARN_UNUSED_VARIABLE = YES;
				MACOSX_DEPLOYMENT_TARGET = 10.15;
				MTL_ENABLE_DEBUG_INFO = NO;
				MTL_FAST_MATH = YES;
				SDKROOT = macosx;
			};
			name = Release;
		};
		7817584E23F3D11D006117D4 /* Debug */ = {
			isa = XCBuildConfiguration;
			baseConfigurationReference = 90CF2446E2781165DF7B6DDB /* Pods-FirstMac.debug.xcconfig */;
			buildSettings = {
				ASSETCATALOG_COMPILER_APPICON_NAME = AppIcon;
				CODE_SIGN_ENTITLEMENTS = FirstMac/FirstMac.entitlements;
				CODE_SIGN_STYLE = Manual;
				COMBINE_HIDPI_IMAGES = YES;
				DEVELOPMENT_TEAM = ZVDDR6XGW9;
				ENABLE_HARDENED_RUNTIME = YES;
				GCC_PRECOMPILE_PREFIX_HEADER = YES;
				GCC_PREFIX_HEADER = "$(SRCROOT)/FirstMac/PrefixHeader.pch";
				INFOPLIST_FILE = FirstMac/Info.plist;
				LD_RUNPATH_SEARCH_PATHS = (
					"$(inherited)",
					"@executable_path/../Frameworks",
				);
				MACOSX_DEPLOYMENT_TARGET = 10.12;
				PRODUCT_BUNDLE_IDENTIFIER = com.qianzhao.test.FirstMac;
				PRODUCT_NAME = "$(TARGET_NAME)";
				PROVISIONING_PROFILE_SPECIFIER = "";
			};
			name = Debug;
		};
		7817584F23F3D11D006117D4 /* Release */ = {
			isa = XCBuildConfiguration;
			baseConfigurationReference = EE7DA647D7D1D83FB035B3A1 /* Pods-FirstMac.release.xcconfig */;
			buildSettings = {
				ASSETCATALOG_COMPILER_APPICON_NAME = AppIcon;
				CODE_SIGN_ENTITLEMENTS = FirstMac/FirstMac.entitlements;
				CODE_SIGN_STYLE = Manual;
				COMBINE_HIDPI_IMAGES = YES;
				DEVELOPMENT_TEAM = ZVDDR6XGW9;
				ENABLE_HARDENED_RUNTIME = YES;
				GCC_PRECOMPILE_PREFIX_HEADER = YES;
				GCC_PREFIX_HEADER = "$(SRCROOT)/FirstMac/PrefixHeader.pch";
				INFOPLIST_FILE = FirstMac/Info.plist;
				LD_RUNPATH_SEARCH_PATHS = (
					"$(inherited)",
					"@executable_path/../Frameworks",
				);
				MACOSX_DEPLOYMENT_TARGET = 10.12;
				PRODUCT_BUNDLE_IDENTIFIER = com.qianzhao.test.FirstMac;
				PRODUCT_NAME = "$(TARGET_NAME)";
				PROVISIONING_PROFILE_SPECIFIER = "";
			};
			name = Release;
		};
/* End XCBuildConfiguration section */

/* Begin XCConfigurationList section */
		7817583423F3D118006117D4 /* Build configuration list for PBXProject "FirstMac" */ = {
			isa = XCConfigurationList;
			buildConfigurations = (
				7817584B23F3D11D006117D4 /* Debug */,
				7817584C23F3D11D006117D4 /* Release */,
			);
			defaultConfigurationIsVisible = 0;
			defaultConfigurationName = Release;
		};
		7817584D23F3D11D006117D4 /* Build configuration list for PBXNativeTarget "FirstMac" */ = {
			isa = XCConfigurationList;
			buildConfigurations = (
				7817584E23F3D11D006117D4 /* Debug */,
				7817584F23F3D11D006117D4 /* Release */,
			);
			defaultConfigurationIsVisible = 0;
			defaultConfigurationName = Release;
		};
/* End XCConfigurationList section */
	};
	rootObject = 7817583123F3D118006117D4 /* Project object */;
}
